<?xml version="1.0" encoding="utf-8"?>
<Project ToolsVersion="4.0" xmlns="http://schemas.microsoft.com/developer/msbuild/2003">
  <ItemGroup>
    <Filter Include="Source Files">
      <UniqueIdentifier>{4FC737F1-C7A5-4376-A066-2A32D752A2FF}</UniqueIdentifier>
      <Extensions>cpp;c;cc;cxx;c++;cppm;ixx;def;odl;idl;hpj;bat;asm;asmx</Extensions>
    </Filter>
    <Filter Include="Header Files">
      <UniqueIdentifier>{93995380-89BD-4b04-88EB-625FBE52EBFB}</UniqueIdentifier>
      <Extensions>h;hh;hpp;hxx;h++;hm;inl;inc;ipp;xsd</Extensions>
    </Filter>
    <Filter Include="Resource Files">
      <UniqueIdentifier>{67DA6AB6-F800-4c08-8B7A-83BB121AAD01}</UniqueIdentifier>
      <Extensions>rc;ico;cur;bmp;dlg;rc2;rct;bin;rgs;gif;jpg;jpeg;jpe;resx;tiff;tif;png;wav;mfcribbon-ms</Extensions>
    </Filter>
    <Filter Include="Source Files\Core">
      <UniqueIdentifier>{0916da9e-3ad7-4a4d-8f81-76232a1f9b99}</UniqueIdentifier>
    </Filter>
    <Filter Include="Header Files\Core">
      <UniqueIdentifier>{1df19fed-01f0-41d4-be4f-1ccc420f6be5}</UniqueIdentifier>
    </Filter>
    <Filter Include="Source Files\Entities">
      <UniqueIdentifier>{0804fdb6-2afb-49d0-abc7-ae4edd917ba5}</UniqueIdentifier>
    </Filter>
    <Filter Include="Header Files\Entities">
      <UniqueIdentifier>{8c8a48d3-897a-4960-aba6-cb1188c8f3bc}</UniqueIdentifier>
    </Filter>
    <Filter Include="Header Files\Physics">
      <UniqueIdentifier>{e81992b2-e928-4345-8c27-a9f1dd8ef9fd}</UniqueIdentifier>
    </Filter>
    <Filter Include="Source Files\Physics">
      <UniqueIdentifier>{0d57aef9-2bba-495a-a8a1-d0f4b26524dd}</UniqueIdentifier>
    </Filter>
    <Filter Include="Header Files\Gameplay">
      <UniqueIdentifier>{cefc7343-dfee-4f35-afb4-c1d4a85a131d}</UniqueIdentifier>
    </Filter>
    <Filter Include="Header Files\Gameplay\Taxonomy">
      <UniqueIdentifier>{88c81a9b-f56d-4a14-8bc1-77d2ef09965b}</UniqueIdentifier>
    </Filter>
    <Filter Include="Source Files\Gameplay">
      <UniqueIdentifier>{fe982830-0194-4aa9-a030-320889f89874}</UniqueIdentifier>
    </Filter>
    <Filter Include="Source Files\Gameplay\Taxonomy">
      <UniqueIdentifier>{489fe9d9-e212-4b35-8b97-55f05eeece29}</UniqueIdentifier>
    </Filter>
  </ItemGroup>
  <ItemGroup>
    <ClCompile Include="ChronoAllegro.c">
      <Filter>Source Files</Filter>
    </ClCompile>
    <ClCompile Include="core\core_configuration.c">
      <Filter>Source Files\Core</Filter>
    </ClCompile>
    <ClCompile Include="core\image.c">
      <Filter>Source Files\Core</Filter>
    </ClCompile>
    <ClCompile Include="core\event_loop.c">
      <Filter>Source Files\Core</Filter>
    </ClCompile>
    <ClCompile Include="entities\player.c">
      <Filter>Source Files\Entities</Filter>
    </ClCompile>
    <ClCompile Include="entities\point.c">
      <Filter>Source Files\Entities</Filter>
    </ClCompile>
    <ClCompile Include="core\color.c">
      <Filter>Source Files\Core</Filter>
    </ClCompile>
    <ClCompile Include="core\movement.c">
      <Filter>Source Files\Core</Filter>
    </ClCompile>
    <ClCompile Include="entities\enemy.c">
      <Filter>Source Files\Entities</Filter>
    </ClCompile>
    <ClCompile Include="physics\collision.c">
      <Filter>Source Files\Physics</Filter>
    </ClCompile>
    <ClCompile Include="entities\entity.c">
      <Filter>Source Files\Entities</Filter>
    </ClCompile>
    <ClCompile Include="gameplay\taxonomy\taxonomy.c">
      <Filter>Source Files\Gameplay\Taxonomy</Filter>
    </ClCompile>
  </ItemGroup>
  <ItemGroup>
    <None Include="packages.config" />
  </ItemGroup>
  <ItemGroup>
    <ClInclude Include="core\core_configuration.h">
      <Filter>Header Files\Core</Filter>
    </ClInclude>
    <ClInclude Include="core\image.h">
      <Filter>Header Files\Core</Filter>
    </ClInclude>
    <ClInclude Include="core\event_loop.h">
      <Filter>Header Files\Core</Filter>
    </ClInclude>
    <ClInclude Include="entities\player.h">
      <Filter>Header Files\Entities</Filter>
    </ClInclude>
    <ClInclude Include="entities\point.h">
      <Filter>Header Files\Entities</Filter>
    </ClInclude>
    <ClInclude Include="core\color.h">
      <Filter>Header Files\Core</Filter>
    </ClInclude>
    <ClInclude Include="core\movement.h">
      <Filter>Header Files\Core</Filter>
    </ClInclude>
    <ClInclude Include="entities\enemy.h">
      <Filter>Header Files\Entities</Filter>
    </ClInclude>
    <ClInclude Include="physics\collision.h">
      <Filter>Header Files\Physics</Filter>
    </ClInclude>
    <ClInclude Include="entities\entity.h">
      <Filter>Header Files\Entities</Filter>
    </ClInclude>
    <ClInclude Include="gameplay\taxonomy\taxonomy.h">
      <Filter>Header Files\Gameplay\Taxonomy</Filter>
    </ClInclude>
    <ClInclude Include="gameplay\taxonomy\species.h">
      <Filter>Header Files\Gameplay\Taxonomy</Filter>
    </ClInclude>
  </ItemGroup>
</Project>